
Microsoft Visual Studio Solution File, Format Version 12.00
# Visual Studio Version 17
VisualStudioVersion = 17.11.34929.205
MinimumVisualStudioVersion = 10.0.40219.1
Project("{2150E333-8FDC-42A3-9474-1A3956D46DE8}") = "Services", "Services", "{97AD7376-585C-4A3D-9630-1EE020512AB9}"
EndProject
Project("{2150E333-8FDC-42A3-9474-1A3956D46DE8}") = "Bid", "Bid", "{DE3ADFAE-74A8-4DF2-A668-07791F480172}"
EndProject
Project("{9A19103F-16F7-4668-BE54-9A1E7A4F7556}") = "Bid.API", "Services\Bid\Bid.API\Bid.API.csproj", "{6CFF6D3F-6CE6-44BA-823E-AD056DA03793}"
EndProject
Project("{2150E333-8FDC-42A3-9474-1A3956D46DE8}") = "Auction", "Auction", "{30FEF505-43FF-4873-BF18-94A50D7E1BA4}"
EndProject
Project("{2150E333-8FDC-42A3-9474-1A3956D46DE8}") = "Result", "Result", "{637AD0CD-04A0-4D91-85C4-FECB82C0DB75}"
EndProject
Project("{2150E333-8FDC-42A3-9474-1A3956D46DE8}") = "BuildingBlocks", "BuildingBlocks", "{D78AA2FE-8FDA-4079-9BB7-51A036D76FC8}"
EndProject
Project("{9A19103F-16F7-4668-BE54-9A1E7A4F7556}") = "BuildingBlocks", "BuildingBlocks\BuildingBlocks\BuildingBlocks.csproj", "{69B93FEF-BAEE-4EE7-A1D9-A45910FEA1FE}"
EndProject
Project("{FAE04EC0-301F-11D3-BF4B-00C04F79EFBC}") = "Auction.API", "Services\Auction\Auction.API\Auction.API.csproj", "{1FF3BB50-0937-407F-B735-0C3F2DCD5A2E}"
EndProject
Global
	GlobalSection(SolutionConfigurationPlatforms) = preSolution
		Debug|Any CPU = Debug|Any CPU
		Release|Any CPU = Release|Any CPU
	EndGlobalSection
	GlobalSection(ProjectConfigurationPlatforms) = postSolution
		{6CFF6D3F-6CE6-44BA-823E-AD056DA03793}.Debug|Any CPU.ActiveCfg = Debug|Any CPU
		{6CFF6D3F-6CE6-44BA-823E-AD056DA03793}.Debug|Any CPU.Build.0 = Debug|Any CPU
		{6CFF6D3F-6CE6-44BA-823E-AD056DA03793}.Release|Any CPU.ActiveCfg = Release|Any CPU
		{6CFF6D3F-6CE6-44BA-823E-AD056DA03793}.Release|Any CPU.Build.0 = Release|Any CPU
		{69B93FEF-BAEE-4EE7-A1D9-A45910FEA1FE}.Debug|Any CPU.ActiveCfg = Debug|Any CPU
		{69B93FEF-BAEE-4EE7-A1D9-A45910FEA1FE}.Debug|Any CPU.Build.0 = Debug|Any CPU
		{69B93FEF-BAEE-4EE7-A1D9-A45910FEA1FE}.Release|Any CPU.ActiveCfg = Release|Any CPU
		{69B93FEF-BAEE-4EE7-A1D9-A45910FEA1FE}.Release|Any CPU.Build.0 = Release|Any CPU
		{1FF3BB50-0937-407F-B735-0C3F2DCD5A2E}.Debug|Any CPU.ActiveCfg = Debug|Any CPU
		{1FF3BB50-0937-407F-B735-0C3F2DCD5A2E}.Debug|Any CPU.Build.0 = Debug|Any CPU
		{1FF3BB50-0937-407F-B735-0C3F2DCD5A2E}.Release|Any CPU.ActiveCfg = Release|Any CPU
		{1FF3BB50-0937-407F-B735-0C3F2DCD5A2E}.Release|Any CPU.Build.0 = Release|Any CPU
	EndGlobalSection
	GlobalSection(SolutionProperties) = preSolution
		HideSolutionNode = FALSE
	EndGlobalSection
	GlobalSection(NestedProjects) = preSolution
		{DE3ADFAE-74A8-4DF2-A668-07791F480172} = {97AD7376-585C-4A3D-9630-1EE020512AB9}
		{6CFF6D3F-6CE6-44BA-823E-AD056DA03793} = {DE3ADFAE-74A8-4DF2-A668-07791F480172}
		{30FEF505-43FF-4873-BF18-94A50D7E1BA4} = {97AD7376-585C-4A3D-9630-1EE020512AB9}
		{637AD0CD-04A0-4D91-85C4-FECB82C0DB75} = {97AD7376-585C-4A3D-9630-1EE020512AB9}
		{69B93FEF-BAEE-4EE7-A1D9-A45910FEA1FE} = {D78AA2FE-8FDA-4079-9BB7-51A036D76FC8}
		{1FF3BB50-0937-407F-B735-0C3F2DCD5A2E} = {30FEF505-43FF-4873-BF18-94A50D7E1BA4}
	EndGlobalSection
	GlobalSection(ExtensibilityGlobals) = postSolution
		SolutionGuid = {036BDDC3-E964-4D67-9743-40D15337B71F}
	EndGlobalSection
EndGlobal
